
Microsoft Visual Studio Solution File, Format Version 12.00
# Visual Studio Version 17
VisualStudioVersion = 17.14.36429.23
MinimumVisualStudioVersion = 10.0.40219.1
Project("{FAE04EC0-301F-11D3-BF4B-00C04F79EFBC}") = "Bridge", "Bridge\Bridge.csproj", "{EAA2283C-4433-4A6F-B988-724364E85184}"
EndProject
Project("{FAE04EC0-301F-11D3-BF4B-00C04F79EFBC}") = "BridgeTest", "BridgeTest\BridgeTest.csproj", "{B93D82C4-6708-465B-9639-A4A8EF536621}"
EndProject
Project("{FAE04EC0-301F-11D3-BF4B-00C04F79EFBC}") = "StoreBaeltTicketLibrary", "StoreBaeltTicketLibrary\StoreBaeltTicketLibrary.csproj", "{1DFE9C36-1DE3-4E22-9641-1FDC037E9E99}"
EndProject
Global
	GlobalSection(SolutionConfigurationPlatforms) = preSolution
		Debug|Any CPU = Debug|Any CPU
		Release|Any CPU = Release|Any CPU
	EndGlobalSection
	GlobalSection(ProjectConfigurationPlatforms) = postSolution
		{EAA2283C-4433-4A6F-B988-724364E85184}.Debug|Any CPU.ActiveCfg = Debug|Any CPU
		{EAA2283C-4433-4A6F-B988-724364E85184}.Debug|Any CPU.Build.0 = Debug|Any CPU
		{EAA2283C-4433-4A6F-B988-724364E85184}.Release|Any CPU.ActiveCfg = Release|Any CPU
		{EAA2283C-4433-4A6F-B988-724364E85184}.Release|Any CPU.Build.0 = Release|Any CPU
		{B93D82C4-6708-465B-9639-A4A8EF536621}.Debug|Any CPU.ActiveCfg = Debug|Any CPU
		{B93D82C4-6708-465B-9639-A4A8EF536621}.Debug|Any CPU.Build.0 = Debug|Any CPU
		{B93D82C4-6708-465B-9639-A4A8EF536621}.Release|Any CPU.ActiveCfg = Release|Any CPU
		{B93D82C4-6708-465B-9639-A4A8EF536621}.Release|Any CPU.Build.0 = Release|Any CPU
		{1DFE9C36-1DE3-4E22-9641-1FDC037E9E99}.Debug|Any CPU.ActiveCfg = Debug|Any CPU
		{1DFE9C36-1DE3-4E22-9641-1FDC037E9E99}.Debug|Any CPU.Build.0 = Debug|Any CPU
		{1DFE9C36-1DE3-4E22-9641-1FDC037E9E99}.Release|Any CPU.ActiveCfg = Release|Any CPU
		{1DFE9C36-1DE3-4E22-9641-1FDC037E9E99}.Release|Any CPU.Build.0 = Release|Any CPU
	EndGlobalSection
	GlobalSection(SolutionProperties) = preSolution
		HideSolutionNode = FALSE
	EndGlobalSection
	GlobalSection(ExtensibilityGlobals) = postSolution
		SolutionGuid = {937F1F26-43F2-4BD8-A037-8A80D74E69CE}
	EndGlobalSection
EndGlobal
